
Microsoft Visual Studio Solution File, Format Version 12.00
# Visual Studio Version 17
VisualStudioVersion = 17.5.33530.505
MinimumVisualStudioVersion = 10.0.40219.1
Project("{FAE04EC0-301F-11D3-BF4B-00C04F79EFBC}") = "ObjectOrientedProblem", "ObjectOrientedProblem\ObjectOrientedProblem.csproj", "{985DBA33-9578-4646-8F61-9931F4E8218F}"
EndProject
Global
	GlobalSection(SolutionConfigurationPlatforms) = preSolution
		Debug|Any CPU = Debug|Any CPU
		Release|Any CPU = Release|Any CPU
	EndGlobalSection
	GlobalSection(ProjectConfigurationPlatforms) = postSolution
		{985DBA33-9578-4646-8F61-9931F4E8218F}.Debug|Any CPU.ActiveCfg = Debug|Any CPU
		{985DBA33-9578-4646-8F61-9931F4E8218F}.Debug|Any CPU.Build.0 = Debug|Any CPU
		{985DBA33-9578-4646-8F61-9931F4E8218F}.Release|Any CPU.ActiveCfg = Release|Any CPU
		{985DBA33-9578-4646-8F61-9931F4E8218F}.Release|Any CPU.Build.0 = Release|Any CPU
	EndGlobalSection
	GlobalSection(SolutionProperties) = preSolution
		HideSolutionNode = FALSE
	EndGlobalSection
	GlobalSection(ExtensibilityGlobals) = postSolution
		SolutionGuid = {BA7F7319-0267-4054-811A-4067FF604A7E}
	EndGlobalSection
EndGlobal
